
Microsoft Visual Studio Solution File, Format Version 12.00
# Visual Studio 15
VisualStudioVersion = 15.0.26206.0
MinimumVisualStudioVersion = 10.0.40219.1
Project("{FAE04EC0-301F-11D3-BF4B-00C04F79EFBC}") = "MassTransitExtensions.Serialization", "..\src\MassTransitExtensions.Serialization\MassTransitExtensions.Serialization.csproj", "{155E29AB-32B7-4945-B148-3CA8308AD988}"
EndProject
Project("{FAE04EC0-301F-11D3-BF4B-00C04F79EFBC}") = "MassTransitExtensions.Example", "..\src\MassTransitExtensions.Example\MassTransitExtensions.Example.csproj", "{2CE7480B-6349-4B87-987D-F108843E8D1E}"
EndProject
Global
	GlobalSection(SolutionConfigurationPlatforms) = preSolution
		Debug|Any CPU = Debug|Any CPU
		Debug|x64 = Debug|x64
		Debug|x86 = Debug|x86
		Release|Any CPU = Release|Any CPU
		Release|x64 = Release|x64
		Release|x86 = Release|x86
	EndGlobalSection
	GlobalSection(ProjectConfigurationPlatforms) = postSolution
		{155E29AB-32B7-4945-B148-3CA8308AD988}.Debug|Any CPU.ActiveCfg = Debug|Any CPU
		{155E29AB-32B7-4945-B148-3CA8308AD988}.Debug|Any CPU.Build.0 = Debug|Any CPU
		{155E29AB-32B7-4945-B148-3CA8308AD988}.Debug|x64.ActiveCfg = Debug|Any CPU
		{155E29AB-32B7-4945-B148-3CA8308AD988}.Debug|x64.Build.0 = Debug|Any CPU
		{155E29AB-32B7-4945-B148-3CA8308AD988}.Debug|x86.ActiveCfg = Debug|Any CPU
		{155E29AB-32B7-4945-B148-3CA8308AD988}.Debug|x86.Build.0 = Debug|Any CPU
		{155E29AB-32B7-4945-B148-3CA8308AD988}.Release|Any CPU.ActiveCfg = Release|Any CPU
		{155E29AB-32B7-4945-B148-3CA8308AD988}.Release|Any CPU.Build.0 = Release|Any CPU
		{155E29AB-32B7-4945-B148-3CA8308AD988}.Release|x64.ActiveCfg = Release|Any CPU
		{155E29AB-32B7-4945-B148-3CA8308AD988}.Release|x64.Build.0 = Release|Any CPU
		{155E29AB-32B7-4945-B148-3CA8308AD988}.Release|x86.ActiveCfg = Release|Any CPU
		{155E29AB-32B7-4945-B148-3CA8308AD988}.Release|x86.Build.0 = Release|Any CPU
		{2CE7480B-6349-4B87-987D-F108843E8D1E}.Debug|Any CPU.ActiveCfg = Debug|Any CPU
		{2CE7480B-6349-4B87-987D-F108843E8D1E}.Debug|Any CPU.Build.0 = Debug|Any CPU
		{2CE7480B-6349-4B87-987D-F108843E8D1E}.Debug|x64.ActiveCfg = Debug|x64
		{2CE7480B-6349-4B87-987D-F108843E8D1E}.Debug|x64.Build.0 = Debug|x64
		{2CE7480B-6349-4B87-987D-F108843E8D1E}.Debug|x86.ActiveCfg = Debug|x86
		{2CE7480B-6349-4B87-987D-F108843E8D1E}.Debug|x86.Build.0 = Debug|x86
		{2CE7480B-6349-4B87-987D-F108843E8D1E}.Release|Any CPU.ActiveCfg = Release|Any CPU
		{2CE7480B-6349-4B87-987D-F108843E8D1E}.Release|Any CPU.Build.0 = Release|Any CPU
		{2CE7480B-6349-4B87-987D-F108843E8D1E}.Release|x64.ActiveCfg = Release|x64
		{2CE7480B-6349-4B87-987D-F108843E8D1E}.Release|x64.Build.0 = Release|x64
		{2CE7480B-6349-4B87-987D-F108843E8D1E}.Release|x86.ActiveCfg = Release|x86
		{2CE7480B-6349-4B87-987D-F108843E8D1E}.Release|x86.Build.0 = Release|x86
	EndGlobalSection
	GlobalSection(SolutionProperties) = preSolution
		HideSolutionNode = FALSE
	EndGlobalSection
EndGlobal
